
Microsoft Visual Studio Solution File, Format Version 12.00
# Visual Studio Version 17
VisualStudioVersion = 17.9.34728.123
MinimumVisualStudioVersion = 10.0.40219.1
Project("{8BC9CEB8-8B4A-11D0-8D11-00A0C91BC942}") = "2024_10_17_test", "2024_10_17_test\2024_10_17_test.vcxproj", "{89224506-D0E5-4147-B05E-CA2E53E7C53B}"
EndProject
Global
	GlobalSection(SolutionConfigurationPlatforms) = preSolution
		Debug|x64 = Debug|x64
		Debug|x86 = Debug|x86
		Release|x64 = Release|x64
		Release|x86 = Release|x86
	EndGlobalSection
	GlobalSection(ProjectConfigurationPlatforms) = postSolution
		{89224506-D0E5-4147-B05E-CA2E53E7C53B}.Debug|x64.ActiveCfg = Debug|x64
		{89224506-D0E5-4147-B05E-CA2E53E7C53B}.Debug|x64.Build.0 = Debug|x64
		{89224506-D0E5-4147-B05E-CA2E53E7C53B}.Debug|x86.ActiveCfg = Debug|Win32
		{89224506-D0E5-4147-B05E-CA2E53E7C53B}.Debug|x86.Build.0 = Debug|Win32
		{89224506-D0E5-4147-B05E-CA2E53E7C53B}.Release|x64.ActiveCfg = Release|x64
		{89224506-D0E5-4147-B05E-CA2E53E7C53B}.Release|x64.Build.0 = Release|x64
		{89224506-D0E5-4147-B05E-CA2E53E7C53B}.Release|x86.ActiveCfg = Release|Win32
		{89224506-D0E5-4147-B05E-CA2E53E7C53B}.Release|x86.Build.0 = Release|Win32
	EndGlobalSection
	GlobalSection(SolutionProperties) = preSolution
		HideSolutionNode = FALSE
	EndGlobalSection
	GlobalSection(ExtensibilityGlobals) = postSolution
		SolutionGuid = {0292B61F-190F-4D76-A7FE-FCD05C75D247}
	EndGlobalSection
EndGlobal
